
Microsoft Visual Studio Solution File, Format Version 12.00
# Visual Studio Version 17
VisualStudioVersion = 17.4.33205.214
MinimumVisualStudioVersion = 10.0.40219.1
Project("{2150E333-8FDC-42A3-9474-1A3956D46DE8}") = "Core", "Core", "{4289773B-919C-4CD6-AC3A-115779084A9A}"
EndProject
Project("{9A19103F-16F7-4668-BE54-9A1E7A4F7556}") = "Domain", "Domain\Domain.csproj", "{80EAAEB5-4161-4C66-8877-EF30F3A6845B}"
EndProject
Project("{9A19103F-16F7-4668-BE54-9A1E7A4F7556}") = "Application", "Application\Application.csproj", "{4D836EA1-C287-4835-B2A2-494589A6ACBE}"
EndProject
Project("{2150E333-8FDC-42A3-9474-1A3956D46DE8}") = "Infrastructure", "Infrastructure", "{B3744EFA-0FA2-4A92-997D-338A206A5E59}"
EndProject
Project("{9A19103F-16F7-4668-BE54-9A1E7A4F7556}") = "Infrastructure", "Infrastructure\Infrastructure.csproj", "{C609713F-5502-4458-8E33-C038482DED91}"
EndProject
Project("{9A19103F-16F7-4668-BE54-9A1E7A4F7556}") = "Persistence", "Persistence\Persistence.csproj", "{1675C649-5026-4539-9C41-1A50DF6C7CDB}"
EndProject
Project("{2150E333-8FDC-42A3-9474-1A3956D46DE8}") = "Presentation", "Presentation", "{7F3B54AF-C2FF-434B-9871-CE94C4BC2BB8}"
EndProject
Project("{2150E333-8FDC-42A3-9474-1A3956D46DE8}") = "Tests", "Tests", "{C4DF9FE9-9A0F-4A39-9288-8BB293EEF666}"
EndProject
Project("{9A19103F-16F7-4668-BE54-9A1E7A4F7556}") = "WebAPI", "WebAPI\WebAPI.csproj", "{45C57055-1156-44EA-841A-639F8CE3F979}"
EndProject
Project("{9A19103F-16F7-4668-BE54-9A1E7A4F7556}") = "CRUD-Test", "CRUD-Test\CRUD-Test.csproj", "{EBBB3928-08F5-4640-AB47-6C6AE3E4A480}"
EndProject
Global
	GlobalSection(SolutionConfigurationPlatforms) = preSolution
		Debug|Any CPU = Debug|Any CPU
		Debug|x86 = Debug|x86
		Release|Any CPU = Release|Any CPU
		Release|x86 = Release|x86
	EndGlobalSection
	GlobalSection(ProjectConfigurationPlatforms) = postSolution
		{80EAAEB5-4161-4C66-8877-EF30F3A6845B}.Debug|Any CPU.ActiveCfg = Debug|Any CPU
		{80EAAEB5-4161-4C66-8877-EF30F3A6845B}.Debug|Any CPU.Build.0 = Debug|Any CPU
		{80EAAEB5-4161-4C66-8877-EF30F3A6845B}.Debug|x86.ActiveCfg = Debug|Any CPU
		{80EAAEB5-4161-4C66-8877-EF30F3A6845B}.Debug|x86.Build.0 = Debug|Any CPU
		{80EAAEB5-4161-4C66-8877-EF30F3A6845B}.Release|Any CPU.ActiveCfg = Release|Any CPU
		{80EAAEB5-4161-4C66-8877-EF30F3A6845B}.Release|Any CPU.Build.0 = Release|Any CPU
		{80EAAEB5-4161-4C66-8877-EF30F3A6845B}.Release|x86.ActiveCfg = Release|Any CPU
		{80EAAEB5-4161-4C66-8877-EF30F3A6845B}.Release|x86.Build.0 = Release|Any CPU
		{4D836EA1-C287-4835-B2A2-494589A6ACBE}.Debug|Any CPU.ActiveCfg = Debug|Any CPU
		{4D836EA1-C287-4835-B2A2-494589A6ACBE}.Debug|Any CPU.Build.0 = Debug|Any CPU
		{4D836EA1-C287-4835-B2A2-494589A6ACBE}.Debug|x86.ActiveCfg = Debug|Any CPU
		{4D836EA1-C287-4835-B2A2-494589A6ACBE}.Debug|x86.Build.0 = Debug|Any CPU
		{4D836EA1-C287-4835-B2A2-494589A6ACBE}.Release|Any CPU.ActiveCfg = Release|Any CPU
		{4D836EA1-C287-4835-B2A2-494589A6ACBE}.Release|Any CPU.Build.0 = Release|Any CPU
		{4D836EA1-C287-4835-B2A2-494589A6ACBE}.Release|x86.ActiveCfg = Release|Any CPU
		{4D836EA1-C287-4835-B2A2-494589A6ACBE}.Release|x86.Build.0 = Release|Any CPU
		{C609713F-5502-4458-8E33-C038482DED91}.Debug|Any CPU.ActiveCfg = Debug|Any CPU
		{C609713F-5502-4458-8E33-C038482DED91}.Debug|Any CPU.Build.0 = Debug|Any CPU
		{C609713F-5502-4458-8E33-C038482DED91}.Debug|x86.ActiveCfg = Debug|Any CPU
		{C609713F-5502-4458-8E33-C038482DED91}.Debug|x86.Build.0 = Debug|Any CPU
		{C609713F-5502-4458-8E33-C038482DED91}.Release|Any CPU.ActiveCfg = Release|Any CPU
		{C609713F-5502-4458-8E33-C038482DED91}.Release|Any CPU.Build.0 = Release|Any CPU
		{C609713F-5502-4458-8E33-C038482DED91}.Release|x86.ActiveCfg = Release|Any CPU
		{C609713F-5502-4458-8E33-C038482DED91}.Release|x86.Build.0 = Release|Any CPU
		{1675C649-5026-4539-9C41-1A50DF6C7CDB}.Debug|Any CPU.ActiveCfg = Debug|Any CPU
		{1675C649-5026-4539-9C41-1A50DF6C7CDB}.Debug|Any CPU.Build.0 = Debug|Any CPU
		{1675C649-5026-4539-9C41-1A50DF6C7CDB}.Debug|x86.ActiveCfg = Debug|Any CPU
		{1675C649-5026-4539-9C41-1A50DF6C7CDB}.Debug|x86.Build.0 = Debug|Any CPU
		{1675C649-5026-4539-9C41-1A50DF6C7CDB}.Release|Any CPU.ActiveCfg = Release|Any CPU
		{1675C649-5026-4539-9C41-1A50DF6C7CDB}.Release|Any CPU.Build.0 = Release|Any CPU
		{1675C649-5026-4539-9C41-1A50DF6C7CDB}.Release|x86.ActiveCfg = Release|Any CPU
		{1675C649-5026-4539-9C41-1A50DF6C7CDB}.Release|x86.Build.0 = Release|Any CPU
		{45C57055-1156-44EA-841A-639F8CE3F979}.Debug|Any CPU.ActiveCfg = Debug|Any CPU
		{45C57055-1156-44EA-841A-639F8CE3F979}.Debug|Any CPU.Build.0 = Debug|Any CPU
		{45C57055-1156-44EA-841A-639F8CE3F979}.Debug|x86.ActiveCfg = Debug|Any CPU
		{45C57055-1156-44EA-841A-639F8CE3F979}.Debug|x86.Build.0 = Debug|Any CPU
		{45C57055-1156-44EA-841A-639F8CE3F979}.Release|Any CPU.ActiveCfg = Release|Any CPU
		{45C57055-1156-44EA-841A-639F8CE3F979}.Release|Any CPU.Build.0 = Release|Any CPU
		{45C57055-1156-44EA-841A-639F8CE3F979}.Release|x86.ActiveCfg = Release|Any CPU
		{45C57055-1156-44EA-841A-639F8CE3F979}.Release|x86.Build.0 = Release|Any CPU
		{EBBB3928-08F5-4640-AB47-6C6AE3E4A480}.Debug|Any CPU.ActiveCfg = Debug|Any CPU
		{EBBB3928-08F5-4640-AB47-6C6AE3E4A480}.Debug|Any CPU.Build.0 = Debug|Any CPU
		{EBBB3928-08F5-4640-AB47-6C6AE3E4A480}.Debug|x86.ActiveCfg = Debug|Any CPU
		{EBBB3928-08F5-4640-AB47-6C6AE3E4A480}.Debug|x86.Build.0 = Debug|Any CPU
		{EBBB3928-08F5-4640-AB47-6C6AE3E4A480}.Release|Any CPU.ActiveCfg = Release|Any CPU
		{EBBB3928-08F5-4640-AB47-6C6AE3E4A480}.Release|Any CPU.Build.0 = Release|Any CPU
		{EBBB3928-08F5-4640-AB47-6C6AE3E4A480}.Release|x86.ActiveCfg = Release|Any CPU
		{EBBB3928-08F5-4640-AB47-6C6AE3E4A480}.Release|x86.Build.0 = Release|Any CPU
	EndGlobalSection
	GlobalSection(SolutionProperties) = preSolution
		HideSolutionNode = FALSE
	EndGlobalSection
	GlobalSection(NestedProjects) = preSolution
		{80EAAEB5-4161-4C66-8877-EF30F3A6845B} = {4289773B-919C-4CD6-AC3A-115779084A9A}
		{4D836EA1-C287-4835-B2A2-494589A6ACBE} = {4289773B-919C-4CD6-AC3A-115779084A9A}
		{C609713F-5502-4458-8E33-C038482DED91} = {B3744EFA-0FA2-4A92-997D-338A206A5E59}
		{1675C649-5026-4539-9C41-1A50DF6C7CDB} = {B3744EFA-0FA2-4A92-997D-338A206A5E59}
		{45C57055-1156-44EA-841A-639F8CE3F979} = {7F3B54AF-C2FF-434B-9871-CE94C4BC2BB8}
		{EBBB3928-08F5-4640-AB47-6C6AE3E4A480} = {C4DF9FE9-9A0F-4A39-9288-8BB293EEF666}
	EndGlobalSection
	GlobalSection(ExtensibilityGlobals) = postSolution
		SolutionGuid = {E382C872-FE6C-4662-86AB-03E54C7D6DA2}
	EndGlobalSection
EndGlobal
